
Microsoft Visual Studio Solution File, Format Version 12.00
# Visual Studio Version 17
VisualStudioVersion = 17.5.33414.496
MinimumVisualStudioVersion = 10.0.40219.1
Project("{FAE04EC0-301F-11D3-BF4B-00C04F79EFBC}") = "kafukafu", "kafukafu\kafukafu.csproj", "{5600B7A8-EE7D-40B1-9632-8EED75172AA1}"
EndProject
Global
	GlobalSection(SolutionConfigurationPlatforms) = preSolution
		Debug|Any CPU = Debug|Any CPU
		Release|Any CPU = Release|Any CPU
	EndGlobalSection
	GlobalSection(ProjectConfigurationPlatforms) = postSolution
		{5600B7A8-EE7D-40B1-9632-8EED75172AA1}.Debug|Any CPU.ActiveCfg = Debug|Any CPU
		{5600B7A8-EE7D-40B1-9632-8EED75172AA1}.Debug|Any CPU.Build.0 = Debug|Any CPU
		{5600B7A8-EE7D-40B1-9632-8EED75172AA1}.Release|Any CPU.ActiveCfg = Release|Any CPU
		{5600B7A8-EE7D-40B1-9632-8EED75172AA1}.Release|Any CPU.Build.0 = Release|Any CPU
	EndGlobalSection
	GlobalSection(SolutionProperties) = preSolution
		HideSolutionNode = FALSE
	EndGlobalSection
	GlobalSection(ExtensibilityGlobals) = postSolution
		SolutionGuid = {F63390B0-35B6-477E-8869-09F9DC0B8EA9}
	EndGlobalSection
EndGlobal
